
Microsoft Visual Studio Solution File, Format Version 12.00
# Visual Studio Version 16
VisualStudioVersion = 16.0.31624.102
MinimumVisualStudioVersion = 10.0.40219.1
Project("{FAE04EC0-301F-11D3-BF4B-00C04F79EFBC}") = "Calculator", "Calculator.csproj", "{D6E3B78F-F3C0-4E5F-BED7-D5DA1EA6B443}"
EndProject
Global
	GlobalSection(SolutionConfigurationPlatforms) = preSolution
		Debug|Any CPU = Debug|Any CPU
		Release|Any CPU = Release|Any CPU
	EndGlobalSection
	GlobalSection(ProjectConfigurationPlatforms) = postSolution
		{D6E3B78F-F3C0-4E5F-BED7-D5DA1EA6B443}.Debug|Any CPU.ActiveCfg = Debug|Any CPU
		{D6E3B78F-F3C0-4E5F-BED7-D5DA1EA6B443}.Debug|Any CPU.Build.0 = Debug|Any CPU
		{D6E3B78F-F3C0-4E5F-BED7-D5DA1EA6B443}.Release|Any CPU.ActiveCfg = Release|Any CPU
		{D6E3B78F-F3C0-4E5F-BED7-D5DA1EA6B443}.Release|Any CPU.Build.0 = Release|Any CPU
	EndGlobalSection
	GlobalSection(SolutionProperties) = preSolution
		HideSolutionNode = FALSE
	EndGlobalSection
	GlobalSection(ExtensibilityGlobals) = postSolution
		SolutionGuid = {4E3D10F0-DE4A-4EDC-9A69-CE0EC65D9A25}
	EndGlobalSection
EndGlobal
